
Microsoft Visual Studio Solution File, Format Version 12.00
# Visual Studio Version 16
VisualStudioVersion = 16.0.29326.143
MinimumVisualStudioVersion = 10.0.40219.1
Project("{FAE04EC0-301F-11D3-BF4B-00C04F79EFBC}") = "Water.Android", "Water\Water.Android\Water.Android.csproj", "{21B546A4-7527-4EB5-8B62-1F08997500BD}"
EndProject
Project("{FAE04EC0-301F-11D3-BF4B-00C04F79EFBC}") = "Water", "Water\Water\Water.csproj", "{92BA6617-1343-41A9-8E06-B8052E417690}"
EndProject
Global
	GlobalSection(SolutionConfigurationPlatforms) = preSolution
		Debug|Any CPU = Debug|Any CPU
		Release|Any CPU = Release|Any CPU
	EndGlobalSection
	GlobalSection(ProjectConfigurationPlatforms) = postSolution
		{21B546A4-7527-4EB5-8B62-1F08997500BD}.Debug|Any CPU.ActiveCfg = Debug|Any CPU
		{21B546A4-7527-4EB5-8B62-1F08997500BD}.Debug|Any CPU.Build.0 = Debug|Any CPU
		{21B546A4-7527-4EB5-8B62-1F08997500BD}.Debug|Any CPU.Deploy.0 = Debug|Any CPU
		{21B546A4-7527-4EB5-8B62-1F08997500BD}.Release|Any CPU.ActiveCfg = Release|Any CPU
		{21B546A4-7527-4EB5-8B62-1F08997500BD}.Release|Any CPU.Build.0 = Release|Any CPU
		{21B546A4-7527-4EB5-8B62-1F08997500BD}.Release|Any CPU.Deploy.0 = Release|Any CPU
		{92BA6617-1343-41A9-8E06-B8052E417690}.Debug|Any CPU.ActiveCfg = Debug|Any CPU
		{92BA6617-1343-41A9-8E06-B8052E417690}.Debug|Any CPU.Build.0 = Debug|Any CPU
		{92BA6617-1343-41A9-8E06-B8052E417690}.Debug|Any CPU.Deploy.0 = Debug|Any CPU
		{92BA6617-1343-41A9-8E06-B8052E417690}.Release|Any CPU.ActiveCfg = Release|Any CPU
		{92BA6617-1343-41A9-8E06-B8052E417690}.Release|Any CPU.Build.0 = Release|Any CPU
		{92BA6617-1343-41A9-8E06-B8052E417690}.Release|Any CPU.Deploy.0 = Release|Any CPU
	EndGlobalSection
	GlobalSection(SolutionProperties) = preSolution
		HideSolutionNode = FALSE
	EndGlobalSection
	GlobalSection(ExtensibilityGlobals) = postSolution
		SolutionGuid = {B91D2CF6-86C9-4D32-B77B-5B1B44952E25}
	EndGlobalSection
EndGlobal
